PODS:
  - AppCenter/Core (3.1.0)
  - AppCenter/Distribute (3.1.0):
    - AppCenter/Core

DEPENDENCIES:
  - AppCenter/Distribute

SPEC REPOS:
  trunk:
    - AppCenter

SPEC CHECKSUMS:
  AppCenter: a1c30c47b7882a04a615ffa5ab26c007326436d8

PODFILE CHECKSUM: e3598686a07a7463873bcbc1670d3d57dffb7678

COCOAPODS: 1.9.1
