// !$*UTF8*$!
{
	archiveVersion = 1;
	classes = {
	};
	objectVersion = 52;
	objects = {

/* Begin PBXBuildFile section */
		30EF94F7242C47A2007D61C7 /* HealthQuizViewController.swift in Sources */ = {isa = PBXBuildFile; fileRef = 30EF94F5242C47A1007D61C7 /* HealthQuizViewController.swift */; };
		30EF94F8242C47A2007D61C7 /* HealthQuizViewController.xib in Resources */ = {isa = PBXBuildFile; fileRef = 30EF94F6242C47A1007D61C7 /* HealthQuizViewController.xib */; };
		8486BDC7242B9AC900A63DD5 /* RxSwift in Frameworks */ = {isa = PBXBuildFile; productRef = 8486BDC6242B9AC900A63DD5 /* RxSwift */; };
		8486BDCB242B9AC900A63DD5 /* RxRelay in Frameworks */ = {isa = PBXBuildFile; productRef = 8486BDCA242B9AC900A63DD5 /* RxRelay */; };
		8486BDCD242B9AC900A63DD5 /* RxCocoa in Frameworks */ = {isa = PBXBuildFile; productRef = 8486BDCC242B9AC900A63DD5 /* RxCocoa */; };
		8486BDCF242B9AC900A63DD5 /* RxBlocking in Frameworks */ = {isa = PBXBuildFile; productRef = 8486BDCE242B9AC900A63DD5 /* RxBlocking */; };
		8486BDD6242BA28C00A63DD5 /* DebugViewModel.swift in Sources */ = {isa = PBXBuildFile; fileRef = 8486BDD5242BA28C00A63DD5 /* DebugViewModel.swift */; };
		8486BDD9242BBCE700A63DD5 /* DebugViewController.swift in Sources */ = {isa = PBXBuildFile; fileRef = 8486BDD7242BBCE700A63DD5 /* DebugViewController.swift */; };
		8486BDDA242BBCE700A63DD5 /* DebugViewController.xib in Resources */ = {isa = PBXBuildFile; fileRef = 8486BDD8242BBCE700A63DD5 /* DebugViewController.xib */; };
		8486BDE0242BC8B600A63DD5 /* HomeViewModel.swift in Sources */ = {isa = PBXBuildFile; fileRef = 8486BDDF242BC8B600A63DD5 /* HomeViewModel.swift */; };
		8486BDE4242BF9F500A63DD5 /* UITableView+ReuseIdentifier.swift in Sources */ = {isa = PBXBuildFile; fileRef = 8486BDE3242BF9F500A63DD5 /* UITableView+ReuseIdentifier.swift */; };
		8486BDE6242BFAE700A63DD5 /* UITableCell+ReuseIdentifier.swift in Sources */ = {isa = PBXBuildFile; fileRef = 8486BDE5242BFAE700A63DD5 /* UITableCell+ReuseIdentifier.swift */; };
		849DFE662427D3750008ED65 /* AppDelegate.swift in Sources */ = {isa = PBXBuildFile; fileRef = 849DFE652427D3750008ED65 /* AppDelegate.swift */; };
		849DFE702427D3750008ED65 /* CoEpi.xcdatamodeld in Sources */ = {isa = PBXBuildFile; fileRef = 849DFE6E2427D3750008ED65 /* CoEpi.xcdatamodeld */; };
		849DFE722427D37A0008ED65 /* Assets.xcassets in Resources */ = {isa = PBXBuildFile; fileRef = 849DFE712427D37A0008ED65 /* Assets.xcassets */; };
		849DFE752427D37A0008ED65 /* LaunchScreen.storyboard in Resources */ = {isa = PBXBuildFile; fileRef = 849DFE732427D37A0008ED65 /* LaunchScreen.storyboard */; };
		849DFE802427D37A0008ED65 /* CoEpiTests.swift in Sources */ = {isa = PBXBuildFile; fileRef = 849DFE7F2427D37A0008ED65 /* CoEpiTests.swift */; };
		849DFE8B2427D37A0008ED65 /* CoEpiUITests.swift in Sources */ = {isa = PBXBuildFile; fileRef = 849DFE8A2427D37A0008ED65 /* CoEpiUITests.swift */; };
		84A4B9A4242CA24100516F3B /* ContactRepo.swift in Sources */ = {isa = PBXBuildFile; fileRef = 84A4B9A3242CA24100516F3B /* ContactRepo.swift */; };
		84A4B9A7242CA4D500516F3B /* Realm in Frameworks */ = {isa = PBXBuildFile; productRef = 84A4B9A6242CA4D500516F3B /* Realm */; };
		84A4B9A9242CA4D500516F3B /* RealmSwift in Frameworks */ = {isa = PBXBuildFile; productRef = 84A4B9A8242CA4D500516F3B /* RealmSwift */; };
		84A4B9AD242CA51D00516F3B /* RealmContact.swift in Sources */ = {isa = PBXBuildFile; fileRef = 84A4B9AC242CA51D00516F3B /* RealmContact.swift */; };
		84A4B9AF242CA5E600516F3B /* RealmProvider.swift in Sources */ = {isa = PBXBuildFile; fileRef = 84A4B9AE242CA5E600516F3B /* RealmProvider.swift */; };
		84A4B9B2242CA67E00516F3B /* RealmContactRepo.swift in Sources */ = {isa = PBXBuildFile; fileRef = 84A4B9B1242CA67E00516F3B /* RealmContactRepo.swift */; };
		84A4B9B6242CA6EE00516F3B /* Contact.swift in Sources */ = {isa = PBXBuildFile; fileRef = 84A4B9B5242CA6EE00516F3B /* Contact.swift */; };
		84A4B9B8242CC97600516F3B /* RealmRepo.swift in Sources */ = {isa = PBXBuildFile; fileRef = 84A4B9B7242CC97600516F3B /* RealmRepo.swift */; };
		84A4B9BA242CE3AF00516F3B /* SymptomRepo.swift in Sources */ = {isa = PBXBuildFile; fileRef = 84A4B9B9242CE3AF00516F3B /* SymptomRepo.swift */; };
		84A4B9BC242CE42C00516F3B /* Symptom.swift in Sources */ = {isa = PBXBuildFile; fileRef = 84A4B9BB242CE42C00516F3B /* Symptom.swift */; };
		84BF97202427FAF1001ADD6B /* OnboardingWireframe.swift in Sources */ = {isa = PBXBuildFile; fileRef = 84BF971F2427FAF1001ADD6B /* OnboardingWireframe.swift */; };
		84BF97222427FCFE001ADD6B /* OnboardingViewModel.swift in Sources */ = {isa = PBXBuildFile; fileRef = 84BF97212427FCFE001ADD6B /* OnboardingViewModel.swift */; };
		84BF972424280ABA001ADD6B /* RootWireframe.swift in Sources */ = {isa = PBXBuildFile; fileRef = 84BF972324280ABA001ADD6B /* RootWireframe.swift */; };
		84BF972C24281082001ADD6B /* LogSettings.swift in Sources */ = {isa = PBXBuildFile; fileRef = 84BF972624281082001ADD6B /* LogSettings.swift */; };
		84BF972D24281082001ADD6B /* Peripheral.swift in Sources */ = {isa = PBXBuildFile; fileRef = 84BF972724281082001ADD6B /* Peripheral.swift */; };
		84BF972E24281082001ADD6B /* uuids.swift in Sources */ = {isa = PBXBuildFile; fileRef = 84BF972824281082001ADD6B /* uuids.swift */; };
		84BF972F24281082001ADD6B /* Central.swift in Sources */ = {isa = PBXBuildFile; fileRef = 84BF972924281082001ADD6B /* Central.swift */; };
		84BF973024281082001ADD6B /* DataRepresentable.swift in Sources */ = {isa = PBXBuildFile; fileRef = 84BF972A24281082001ADD6B /* DataRepresentable.swift */; };
		84BF973124281082001ADD6B /* Types+DataRepresentable.swift in Sources */ = {isa = PBXBuildFile; fileRef = 84BF972B24281082001ADD6B /* Types+DataRepresentable.swift */; };
		84FA00F22427E13000318104 /* Dependencies.swift in Sources */ = {isa = PBXBuildFile; fileRef = 84FA00F12427E13000318104 /* Dependencies.swift */; };
		84FA00F52427E83000318104 /* Dip in Frameworks */ = {isa = PBXBuildFile; productRef = 84FA00F42427E83000318104 /* Dip */; };
		84FA00FB2427ED1900318104 /* OnboardingViewController.swift in Sources */ = {isa = PBXBuildFile; fileRef = 84FA00F92427ED1900318104 /* OnboardingViewController.swift */; };
		84FA00FC2427ED1900318104 /* OnboardingViewController.xib in Resources */ = {isa = PBXBuildFile; fileRef = 84FA00FA2427ED1900318104 /* OnboardingViewController.xib */; };
		84FA01002427ED5E00318104 /* HomeViewController.swift in Sources */ = {isa = PBXBuildFile; fileRef = 84FA00FE2427ED5E00318104 /* HomeViewController.swift */; };
		84FA01012427ED5E00318104 /* HomeViewController.xib in Resources */ = {isa = PBXBuildFile; fileRef = 84FA00FF2427ED5E00318104 /* HomeViewController.xib */; };
		CC71F7CAF64914F41BBE05C5 /* Pods_CoEpi_CoEpiUITests.framework in Frameworks */ = {isa = PBXBuildFile; fileRef = 4AB30FDD8E48688E1BF91F91 /* Pods_CoEpi_CoEpiUITests.framework */; };
		D7710CEB4F1D549EA29A856F /* Pods_CoEpiTests.framework in Frameworks */ = {isa = PBXBuildFile; fileRef = 89B1FB101DD42773F3ADB2EC /* Pods_CoEpiTests.framework */; };
		ED84885A0AB19A504317BA10 /* Pods_CoEpi.framework in Frameworks */ = {isa = PBXBuildFile; fileRef = 83D98C7D6EAEBFA0E5292E3F /* Pods_CoEpi.framework */; };
/* End PBXBuildFile section */

/* Begin PBXContainerItemProxy section */
		849DFE7C2427D37A0008ED65 /* PBXContainerItemProxy */ = {
			isa = PBXContainerItemProxy;
			containerPortal = 849DFE5A2427D3750008ED65 /* Project object */;
			proxyType = 1;
			remoteGlobalIDString = 849DFE612427D3750008ED65;
			remoteInfo = CoEpi;
		};
		849DFE872427D37A0008ED65 /* PBXContainerItemProxy */ = {
			isa = PBXContainerItemProxy;
			containerPortal = 849DFE5A2427D3750008ED65 /* Project object */;
			proxyType = 1;
			remoteGlobalIDString = 849DFE612427D3750008ED65;
			remoteInfo = CoEpi;
		};
/* End PBXContainerItemProxy section */

/* Begin PBXFileReference section */
		30EF94F5242C47A1007D61C7 /* HealthQuizViewController.swift */ = {isa = PBXFileReference; lastKnownFileType = sourcecode.swift; name = HealthQuizViewController.swift; path = home/HealthQuizViewController.swift; sourceTree = "<group>"; };
		30EF94F6242C47A1007D61C7 /* HealthQuizViewController.xib */ = {isa = PBXFileReference; lastKnownFileType = file.xib; name = HealthQuizViewController.xib; path = home/HealthQuizViewController.xib; sourceTree = "<group>"; };
		324F4D7DC6C28946706D180E /* Pods-CoEpiTests.release.xcconfig */ = {isa = PBXFileReference; includeInIndex = 1; lastKnownFileType = text.xcconfig; name = "Pods-CoEpiTests.release.xcconfig"; path = "Target Support Files/Pods-CoEpiTests/Pods-CoEpiTests.release.xcconfig"; sourceTree = "<group>"; };
		3DB73EEFE0BAFE71BAB85604 /* Pods-CoEpi-CoEpiUITests.debug.xcconfig */ = {isa = PBXFileReference; includeInIndex = 1; lastKnownFileType = text.xcconfig; name = "Pods-CoEpi-CoEpiUITests.debug.xcconfig"; path = "Target Support Files/Pods-CoEpi-CoEpiUITests/Pods-CoEpi-CoEpiUITests.debug.xcconfig"; sourceTree = "<group>"; };
		4AB30FDD8E48688E1BF91F91 /* Pods_CoEpi_CoEpiUITests.framework */ = {isa = PBXFileReference; explicitFileType = wrapper.framework; includeInIndex = 0; path = Pods_CoEpi_CoEpiUITests.framework; sourceTree = BUILT_PRODUCTS_DIR; };
		5E087D09295263EB6A4DB967 /* Pods-CoEpi.debug.xcconfig */ = {isa = PBXFileReference; includeInIndex = 1; lastKnownFileType = text.xcconfig; name = "Pods-CoEpi.debug.xcconfig"; path = "Target Support Files/Pods-CoEpi/Pods-CoEpi.debug.xcconfig"; sourceTree = "<group>"; };
		74BF972AC9A1ED47A016DA3D /* Pods-CoEpi.release.xcconfig */ = {isa = PBXFileReference; includeInIndex = 1; lastKnownFileType = text.xcconfig; name = "Pods-CoEpi.release.xcconfig"; path = "Target Support Files/Pods-CoEpi/Pods-CoEpi.release.xcconfig"; sourceTree = "<group>"; };
		83D98C7D6EAEBFA0E5292E3F /* Pods_CoEpi.framework */ = {isa = PBXFileReference; explicitFileType = wrapper.framework; includeInIndex = 0; path = Pods_CoEpi.framework; sourceTree = BUILT_PRODUCTS_DIR; };
		8486BDD5242BA28C00A63DD5 /* DebugViewModel.swift */ = {isa = PBXFileReference; lastKnownFileType = sourcecode.swift; path = DebugViewModel.swift; sourceTree = "<group>"; };
		8486BDD7242BBCE700A63DD5 /* DebugViewController.swift */ = {isa = PBXFileReference; lastKnownFileType = sourcecode.swift; path = DebugViewController.swift; sourceTree = "<group>"; };
		8486BDD8242BBCE700A63DD5 /* DebugViewController.xib */ = {isa = PBXFileReference; lastKnownFileType = file.xib; path = DebugViewController.xib; sourceTree = "<group>"; };
		8486BDDF242BC8B600A63DD5 /* HomeViewModel.swift */ = {isa = PBXFileReference; lastKnownFileType = sourcecode.swift; path = HomeViewModel.swift; sourceTree = "<group>"; };
		8486BDE3242BF9F500A63DD5 /* UITableView+ReuseIdentifier.swift */ = {isa = PBXFileReference; lastKnownFileType = sourcecode.swift; name = "UITableView+ReuseIdentifier.swift"; path = "CoEpi/ui/home/UITableView+ReuseIdentifier.swift"; sourceTree = SOURCE_ROOT; };
		8486BDE5242BFAE700A63DD5 /* UITableCell+ReuseIdentifier.swift */ = {isa = PBXFileReference; lastKnownFileType = sourcecode.swift; name = "UITableCell+ReuseIdentifier.swift"; path = "CoEpi/ui/home/UITableCell+ReuseIdentifier.swift"; sourceTree = SOURCE_ROOT; };
		849DFE622427D3750008ED65 /* CoEpi.app */ = {isa = PBXFileReference; explicitFileType = wrapper.application; includeInIndex = 0; path = CoEpi.app; sourceTree = BUILT_PRODUCTS_DIR; };
		849DFE652427D3750008ED65 /* AppDelegate.swift */ = {isa = PBXFileReference; lastKnownFileType = sourcecode.swift; path = AppDelegate.swift; sourceTree = "<group>"; };
		849DFE6F2427D3750008ED65 /* CoEpi.xcdatamodel */ = {isa = PBXFileReference; lastKnownFileType = wrapper.xcdatamodel; path = CoEpi.xcdatamodel; sourceTree = "<group>"; };
		849DFE712427D37A0008ED65 /* Assets.xcassets */ = {isa = PBXFileReference; lastKnownFileType = folder.assetcatalog; path = Assets.xcassets; sourceTree = "<group>"; };
		849DFE742427D37A0008ED65 /* Base */ = {isa = PBXFileReference; lastKnownFileType = file.storyboard; name = Base; path = Base.lproj/LaunchScreen.storyboard; sourceTree = "<group>"; };
		849DFE762427D37A0008ED65 /* Info.plist */ = {isa = PBXFileReference; lastKnownFileType = text.plist.xml; path = Info.plist; sourceTree = "<group>"; };
		849DFE7B2427D37A0008ED65 /* CoEpiTests.xctest */ = {isa = PBXFileReference; explicitFileType = wrapper.cfbundle; includeInIndex = 0; path = CoEpiTests.xctest; sourceTree = BUILT_PRODUCTS_DIR; };
		849DFE7F2427D37A0008ED65 /* CoEpiTests.swift */ = {isa = PBXFileReference; lastKnownFileType = sourcecode.swift; path = CoEpiTests.swift; sourceTree = "<group>"; };
		849DFE812427D37A0008ED65 /* Info.plist */ = {isa = PBXFileReference; lastKnownFileType = text.plist.xml; path = Info.plist; sourceTree = "<group>"; };
		849DFE862427D37A0008ED65 /* CoEpiUITests.xctest */ = {isa = PBXFileReference; explicitFileType = wrapper.cfbundle; includeInIndex = 0; path = CoEpiUITests.xctest; sourceTree = BUILT_PRODUCTS_DIR; };
		849DFE8A2427D37A0008ED65 /* CoEpiUITests.swift */ = {isa = PBXFileReference; lastKnownFileType = sourcecode.swift; path = CoEpiUITests.swift; sourceTree = "<group>"; };
		849DFE8C2427D37A0008ED65 /* Info.plist */ = {isa = PBXFileReference; lastKnownFileType = text.plist.xml; path = Info.plist; sourceTree = "<group>"; };
		84A4B9A3242CA24100516F3B /* ContactRepo.swift */ = {isa = PBXFileReference; lastKnownFileType = sourcecode.swift; path = ContactRepo.swift; sourceTree = "<group>"; };
		84A4B9AC242CA51D00516F3B /* RealmContact.swift */ = {isa = PBXFileReference; lastKnownFileType = sourcecode.swift; path = RealmContact.swift; sourceTree = "<group>"; };
		84A4B9AE242CA5E600516F3B /* RealmProvider.swift */ = {isa = PBXFileReference; lastKnownFileType = sourcecode.swift; path = RealmProvider.swift; sourceTree = "<group>"; };
		84A4B9B1242CA67E00516F3B /* RealmContactRepo.swift */ = {isa = PBXFileReference; lastKnownFileType = sourcecode.swift; path = RealmContactRepo.swift; sourceTree = "<group>"; };
		84A4B9B5242CA6EE00516F3B /* Contact.swift */ = {isa = PBXFileReference; lastKnownFileType = sourcecode.swift; path = Contact.swift; sourceTree = "<group>"; };
		84A4B9B7242CC97600516F3B /* RealmRepo.swift */ = {isa = PBXFileReference; lastKnownFileType = sourcecode.swift; path = RealmRepo.swift; sourceTree = "<group>"; };
		84A4B9B9242CE3AF00516F3B /* SymptomRepo.swift */ = {isa = PBXFileReference; lastKnownFileType = sourcecode.swift; path = SymptomRepo.swift; sourceTree = "<group>"; };
		84A4B9BB242CE42C00516F3B /* Symptom.swift */ = {isa = PBXFileReference; lastKnownFileType = sourcecode.swift; path = Symptom.swift; sourceTree = "<group>"; };
		84BF971F2427FAF1001ADD6B /* OnboardingWireframe.swift */ = {isa = PBXFileReference; lastKnownFileType = sourcecode.swift; path = OnboardingWireframe.swift; sourceTree = "<group>"; };
		84BF97212427FCFE001ADD6B /* OnboardingViewModel.swift */ = {isa = PBXFileReference; lastKnownFileType = sourcecode.swift; path = OnboardingViewModel.swift; sourceTree = "<group>"; };
		84BF972324280ABA001ADD6B /* RootWireframe.swift */ = {isa = PBXFileReference; lastKnownFileType = sourcecode.swift; path = RootWireframe.swift; sourceTree = "<group>"; };
		84BF972624281082001ADD6B /* LogSettings.swift */ = {isa = PBXFileReference; fileEncoding = 4; lastKnownFileType = sourcecode.swift; path = LogSettings.swift; sourceTree = "<group>"; };
		84BF972724281082001ADD6B /* Peripheral.swift */ = {isa = PBXFileReference; fileEncoding = 4; lastKnownFileType = sourcecode.swift; path = Peripheral.swift; sourceTree = "<group>"; };
		84BF972824281082001ADD6B /* uuids.swift */ = {isa = PBXFileReference; fileEncoding = 4; lastKnownFileType = sourcecode.swift; path = uuids.swift; sourceTree = "<group>"; };
		84BF972924281082001ADD6B /* Central.swift */ = {isa = PBXFileReference; fileEncoding = 4; lastKnownFileType = sourcecode.swift; path = Central.swift; sourceTree = "<group>"; };
		84BF972A24281082001ADD6B /* DataRepresentable.swift */ = {isa = PBXFileReference; fileEncoding = 4; lastKnownFileType = sourcecode.swift; path = DataRepresentable.swift; sourceTree = "<group>"; };
		84BF972B24281082001ADD6B /* Types+DataRepresentable.swift */ = {isa = PBXFileReference; fileEncoding = 4; lastKnownFileType = sourcecode.swift; path = "Types+DataRepresentable.swift"; sourceTree = "<group>"; };
		84FA00F12427E13000318104 /* Dependencies.swift */ = {isa = PBXFileReference; lastKnownFileType = sourcecode.swift; path = Dependencies.swift; sourceTree = "<group>"; };
		84FA00F92427ED1900318104 /* OnboardingViewController.swift */ = {isa = PBXFileReference; lastKnownFileType = sourcecode.swift; path = OnboardingViewController.swift; sourceTree = "<group>"; };
		84FA00FA2427ED1900318104 /* OnboardingViewController.xib */ = {isa = PBXFileReference; lastKnownFileType = file.xib; path = OnboardingViewController.xib; sourceTree = "<group>"; };
		84FA00FE2427ED5E00318104 /* HomeViewController.swift */ = {isa = PBXFileReference; lastKnownFileType = sourcecode.swift; path = HomeViewController.swift; sourceTree = "<group>"; };
		84FA00FF2427ED5E00318104 /* HomeViewController.xib */ = {isa = PBXFileReference; lastKnownFileType = file.xib; path = HomeViewController.xib; sourceTree = "<group>"; };
		89B1FB101DD42773F3ADB2EC /* Pods_CoEpiTests.framework */ = {isa = PBXFileReference; explicitFileType = wrapper.framework; includeInIndex = 0; path = Pods_CoEpiTests.framework; sourceTree = BUILT_PRODUCTS_DIR; };
		910DD69A29B6DF9226FCFECA /* Pods-CoEpiTests.debug.xcconfig */ = {isa = PBXFileReference; includeInIndex = 1; lastKnownFileType = text.xcconfig; name = "Pods-CoEpiTests.debug.xcconfig"; path = "Target Support Files/Pods-CoEpiTests/Pods-CoEpiTests.debug.xcconfig"; sourceTree = "<group>"; };
		C12F75FF3B79C829E72E1CF6 /* Pods-CoEpi-CoEpiUITests.release.xcconfig */ = {isa = PBXFileReference; includeInIndex = 1; lastKnownFileType = text.xcconfig; name = "Pods-CoEpi-CoEpiUITests.release.xcconfig"; path = "Target Support Files/Pods-CoEpi-CoEpiUITests/Pods-CoEpi-CoEpiUITests.release.xcconfig"; sourceTree = "<group>"; };
/* End PBXFileReference section */

/* Begin PBXFrameworksBuildPhase section */
		849DFE5F2427D3750008ED65 /* Frameworks */ = {
			isa = PBXFrameworksBuildPhase;
			buildActionMask = 2147483647;
			files = (
				84A4B9A9242CA4D500516F3B /* RealmSwift in Frameworks */,
				84A4B9A7242CA4D500516F3B /* Realm in Frameworks */,
				8486BDCD242B9AC900A63DD5 /* RxCocoa in Frameworks */,
				8486BDCB242B9AC900A63DD5 /* RxRelay in Frameworks */,
				8486BDC7242B9AC900A63DD5 /* RxSwift in Frameworks */,
				84FA00F52427E83000318104 /* Dip in Frameworks */,
				ED84885A0AB19A504317BA10 /* Pods_CoEpi.framework in Frameworks */,
				8486BDCF242B9AC900A63DD5 /* RxBlocking in Frameworks */,
			);
			runOnlyForDeploymentPostprocessing = 0;
		};
		849DFE782427D37A0008ED65 /* Frameworks */ = {
			isa = PBXFrameworksBuildPhase;
			buildActionMask = 2147483647;
			files = (
				D7710CEB4F1D549EA29A856F /* Pods_CoEpiTests.framework in Frameworks */,
			);
			runOnlyForDeploymentPostprocessing = 0;
		};
		849DFE832427D37A0008ED65 /* Frameworks */ = {
			isa = PBXFrameworksBuildPhase;
			buildActionMask = 2147483647;
			files = (
				CC71F7CAF64914F41BBE05C5 /* Pods_CoEpi_CoEpiUITests.framework in Frameworks */,
			);
			runOnlyForDeploymentPostprocessing = 0;
		};
/* End PBXFrameworksBuildPhase section */

/* Begin PBXGroup section */
		44CF83504F0FD8582FEC242D /* Pods */ = {
			isa = PBXGroup;
			children = (
				5E087D09295263EB6A4DB967 /* Pods-CoEpi.debug.xcconfig */,
				74BF972AC9A1ED47A016DA3D /* Pods-CoEpi.release.xcconfig */,
				3DB73EEFE0BAFE71BAB85604 /* Pods-CoEpi-CoEpiUITests.debug.xcconfig */,
				C12F75FF3B79C829E72E1CF6 /* Pods-CoEpi-CoEpiUITests.release.xcconfig */,
				910DD69A29B6DF9226FCFECA /* Pods-CoEpiTests.debug.xcconfig */,
				324F4D7DC6C28946706D180E /* Pods-CoEpiTests.release.xcconfig */,
			);
			path = Pods;
			sourceTree = "<group>";
		};
		8486BDD2242BA18400A63DD5 /* debug */ = {
			isa = PBXGroup;
			children = (
				8486BDD5242BA28C00A63DD5 /* DebugViewModel.swift */,
				8486BDD7242BBCE700A63DD5 /* DebugViewController.swift */,
				8486BDD8242BBCE700A63DD5 /* DebugViewController.xib */,
			);
			path = debug;
			sourceTree = "<group>";
		};
		849DFE592427D3750008ED65 = {
			isa = PBXGroup;
			children = (
				849DFE642427D3750008ED65 /* CoEpi */,
				849DFE7E2427D37A0008ED65 /* CoEpiTests */,
				849DFE892427D37A0008ED65 /* CoEpiUITests */,
				849DFE632427D3750008ED65 /* Products */,
				44CF83504F0FD8582FEC242D /* Pods */,
				AED85EDBA1C7E0EA663C80E7 /* Frameworks */,
			);
			sourceTree = "<group>";
		};
		849DFE632427D3750008ED65 /* Products */ = {
			isa = PBXGroup;
			children = (
				849DFE622427D3750008ED65 /* CoEpi.app */,
				849DFE7B2427D37A0008ED65 /* CoEpiTests.xctest */,
				849DFE862427D37A0008ED65 /* CoEpiUITests.xctest */,
			);
			name = Products;
			sourceTree = "<group>";
		};
		849DFE642427D3750008ED65 /* CoEpi */ = {
			isa = PBXGroup;
			children = (
				84A4B9B3242CA6CC00516F3B /* domain */,
				84A4B9A2242C9C8B00516F3B /* repo */,
				84BF972524280ECF001ADD6B /* ble */,
				84FA00F82427EC4300318104 /* ui */,
				849DFE652427D3750008ED65 /* AppDelegate.swift */,
				849DFE712427D37A0008ED65 /* Assets.xcassets */,
				849DFE732427D37A0008ED65 /* LaunchScreen.storyboard */,
				849DFE762427D37A0008ED65 /* Info.plist */,
				849DFE6E2427D3750008ED65 /* CoEpi.xcdatamodeld */,
				84FA00F12427E13000318104 /* Dependencies.swift */,
			);
			path = CoEpi;
			sourceTree = "<group>";
		};
		849DFE7E2427D37A0008ED65 /* CoEpiTests */ = {
			isa = PBXGroup;
			children = (
				849DFE7F2427D37A0008ED65 /* CoEpiTests.swift */,
				849DFE812427D37A0008ED65 /* Info.plist */,
			);
			path = CoEpiTests;
			sourceTree = "<group>";
		};
		849DFE892427D37A0008ED65 /* CoEpiUITests */ = {
			isa = PBXGroup;
			children = (
				849DFE8A2427D37A0008ED65 /* CoEpiUITests.swift */,
				849DFE8C2427D37A0008ED65 /* Info.plist */,
			);
			path = CoEpiUITests;
			sourceTree = "<group>";
		};
		84A4B9A2242C9C8B00516F3B /* repo */ = {
			isa = PBXGroup;
			children = (
				84A4B9B0242CA66A00516F3B /* realm */,
				84A4B9A3242CA24100516F3B /* ContactRepo.swift */,
				84A4B9B9242CE3AF00516F3B /* SymptomRepo.swift */,
			);
			path = repo;
			sourceTree = "<group>";
		};
		84A4B9AB242CA50900516F3B /* model */ = {
			isa = PBXGroup;
			children = (
				84A4B9AC242CA51D00516F3B /* RealmContact.swift */,
			);
			path = model;
			sourceTree = "<group>";
		};
		84A4B9B0242CA66A00516F3B /* realm */ = {
			isa = PBXGroup;
			children = (
				84A4B9AB242CA50900516F3B /* model */,
				84A4B9AE242CA5E600516F3B /* RealmProvider.swift */,
				84A4B9B1242CA67E00516F3B /* RealmContactRepo.swift */,
				84A4B9B7242CC97600516F3B /* RealmRepo.swift */,
			);
			path = realm;
			sourceTree = "<group>";
		};
		84A4B9B3242CA6CC00516F3B /* domain */ = {
			isa = PBXGroup;
			children = (
				84A4B9B4242CA6E300516F3B /* model */,
			);
			path = domain;
			sourceTree = "<group>";
		};
		84A4B9B4242CA6E300516F3B /* model */ = {
			isa = PBXGroup;
			children = (
				84A4B9B5242CA6EE00516F3B /* Contact.swift */,
				84A4B9BB242CE42C00516F3B /* Symptom.swift */,
			);
			path = model;
			sourceTree = "<group>";
		};
		84BF972524280ECF001ADD6B /* ble */ = {
			isa = PBXGroup;
			children = (
				84BF972924281082001ADD6B /* Central.swift */,
				84BF972A24281082001ADD6B /* DataRepresentable.swift */,
				84BF972624281082001ADD6B /* LogSettings.swift */,
				84BF972724281082001ADD6B /* Peripheral.swift */,
				84BF972B24281082001ADD6B /* Types+DataRepresentable.swift */,
				84BF972824281082001ADD6B /* uuids.swift */,
			);
			path = ble;
			sourceTree = "<group>";
		};
		84FA00F82427EC4300318104 /* ui */ = {
			isa = PBXGroup;
			children = (
				8486BDD2242BA18400A63DD5 /* debug */,
				84FA01412427F04800318104 /* extensions */,
				84FA01432427F05500318104 /* home */,
				84FA01422427F04E00318104 /* onboarding */,
				84BF972324280ABA001ADD6B /* RootWireframe.swift */,
				30EF94F5242C47A1007D61C7 /* HealthQuizViewController.swift */,
				30EF94F6242C47A1007D61C7 /* HealthQuizViewController.xib */,
			);
			path = ui;
			sourceTree = "<group>";
		};
		84FA01412427F04800318104 /* extensions */ = {
			isa = PBXGroup;
			children = (
				8486BDE3242BF9F500A63DD5 /* UITableView+ReuseIdentifier.swift */,
				8486BDE5242BFAE700A63DD5 /* UITableCell+ReuseIdentifier.swift */,
			);
			path = extensions;
			sourceTree = "<group>";
		};
		84FA01422427F04E00318104 /* onboarding */ = {
			isa = PBXGroup;
			children = (
				84FA00F92427ED1900318104 /* OnboardingViewController.swift */,
				84FA00FA2427ED1900318104 /* OnboardingViewController.xib */,
				84BF971F2427FAF1001ADD6B /* OnboardingWireframe.swift */,
				84BF97212427FCFE001ADD6B /* OnboardingViewModel.swift */,
			);
			path = onboarding;
			sourceTree = "<group>";
		};
		84FA01432427F05500318104 /* home */ = {
			isa = PBXGroup;
			children = (
				84FA00FE2427ED5E00318104 /* HomeViewController.swift */,
				84FA00FF2427ED5E00318104 /* HomeViewController.xib */,
				8486BDDF242BC8B600A63DD5 /* HomeViewModel.swift */,
			);
			path = home;
			sourceTree = "<group>";
		};
		AED85EDBA1C7E0EA663C80E7 /* Frameworks */ = {
			isa = PBXGroup;
			children = (
				83D98C7D6EAEBFA0E5292E3F /* Pods_CoEpi.framework */,
				4AB30FDD8E48688E1BF91F91 /* Pods_CoEpi_CoEpiUITests.framework */,
				89B1FB101DD42773F3ADB2EC /* Pods_CoEpiTests.framework */,
			);
			name = Frameworks;
			sourceTree = "<group>";
		};
/* End PBXGroup section */

/* Begin PBXNativeTarget section */
		849DFE612427D3750008ED65 /* CoEpi */ = {
			isa = PBXNativeTarget;
			buildConfigurationList = 849DFE8F2427D37A0008ED65 /* Build configuration list for PBXNativeTarget "CoEpi" */;
			buildPhases = (
				787970C7C1EB5ED7195FBD12 /* [CP] Check Pods Manifest.lock */,
				849DFE5E2427D3750008ED65 /* Sources */,
				849DFE5F2427D3750008ED65 /* Frameworks */,
				849DFE602427D3750008ED65 /* Resources */,
				2E097DA9BAE3754C404F0526 /* [CP] Copy Pods Resources */,
			);
			buildRules = (
			);
			dependencies = (
			);
			name = CoEpi;
			packageProductDependencies = (
				84FA00F42427E83000318104 /* Dip */,
				8486BDC6242B9AC900A63DD5 /* RxSwift */,
				8486BDCA242B9AC900A63DD5 /* RxRelay */,
				8486BDCC242B9AC900A63DD5 /* RxCocoa */,
				8486BDCE242B9AC900A63DD5 /* RxBlocking */,
				84A4B9A6242CA4D500516F3B /* Realm */,
				84A4B9A8242CA4D500516F3B /* RealmSwift */,
			);
			productName = CoEpi;
			productReference = 849DFE622427D3750008ED65 /* CoEpi.app */;
			productType = "com.apple.product-type.application";
		};
		849DFE7A2427D37A0008ED65 /* CoEpiTests */ = {
			isa = PBXNativeTarget;
			buildConfigurationList = 849DFE922427D37A0008ED65 /* Build configuration list for PBXNativeTarget "CoEpiTests" */;
			buildPhases = (
				8EF30B462636111ACD7E5852 /* [CP] Check Pods Manifest.lock */,
				849DFE772427D37A0008ED65 /* Sources */,
				849DFE782427D37A0008ED65 /* Frameworks */,
				849DFE792427D37A0008ED65 /* Resources */,
			);
			buildRules = (
			);
			dependencies = (
				849DFE7D2427D37A0008ED65 /* PBXTargetDependency */,
			);
			name = CoEpiTests;
			productName = CoEpiTests;
			productReference = 849DFE7B2427D37A0008ED65 /* CoEpiTests.xctest */;
			productType = "com.apple.product-type.bundle.unit-test";
		};
		849DFE852427D37A0008ED65 /* CoEpiUITests */ = {
			isa = PBXNativeTarget;
			buildConfigurationList = 849DFE952427D37A0008ED65 /* Build configuration list for PBXNativeTarget "CoEpiUITests" */;
			buildPhases = (
				F38FA4B3E8D1752BEADB4CC7 /* [CP] Check Pods Manifest.lock */,
				849DFE822427D37A0008ED65 /* Sources */,
				849DFE832427D37A0008ED65 /* Frameworks */,
				849DFE842427D37A0008ED65 /* Resources */,
				2CD762F3D7053295F64E83ED /* [CP] Copy Pods Resources */,
			);
			buildRules = (
			);
			dependencies = (
				849DFE882427D37A0008ED65 /* PBXTargetDependency */,
			);
			name = CoEpiUITests;
			productName = CoEpiUITests;
			productReference = 849DFE862427D37A0008ED65 /* CoEpiUITests.xctest */;
			productType = "com.apple.product-type.bundle.ui-testing";
		};
/* End PBXNativeTarget section */

/* Begin PBXProject section */
		849DFE5A2427D3750008ED65 /* Project object */ = {
			isa = PBXProject;
			attributes = {
				LastSwiftUpdateCheck = 1130;
				LastUpgradeCheck = 1130;
				ORGANIZATIONNAME = org.coepi;
				TargetAttributes = {
					849DFE612427D3750008ED65 = {
						CreatedOnToolsVersion = 11.3;
					};
					849DFE7A2427D37A0008ED65 = {
						CreatedOnToolsVersion = 11.3;
						TestTargetID = 849DFE612427D3750008ED65;
					};
					849DFE852427D37A0008ED65 = {
						CreatedOnToolsVersion = 11.3;
						TestTargetID = 849DFE612427D3750008ED65;
					};
				};
			};
			buildConfigurationList = 849DFE5D2427D3750008ED65 /* Build configuration list for PBXProject "CoEpi" */;
			compatibilityVersion = "Xcode 9.3";
			developmentRegion = en;
			hasScannedForEncodings = 0;
			knownRegions = (
				en,
				Base,
			);
			mainGroup = 849DFE592427D3750008ED65;
			packageReferences = (
				84FA00F32427E83000318104 /* XCRemoteSwiftPackageReference "Dip" */,
				8486BDC5242B9AC900A63DD5 /* XCRemoteSwiftPackageReference "RxSwift" */,
				84A4B9A5242CA4D500516F3B /* XCRemoteSwiftPackageReference "realm-cocoa" */,
			);
			productRefGroup = 849DFE632427D3750008ED65 /* Products */;
			projectDirPath = "";
			projectRoot = "";
			targets = (
				849DFE612427D3750008ED65 /* CoEpi */,
				849DFE7A2427D37A0008ED65 /* CoEpiTests */,
				849DFE852427D37A0008ED65 /* CoEpiUITests */,
			);
		};
/* End PBXProject section */

/* Begin PBXResourcesBuildPhase section */
		849DFE602427D3750008ED65 /* Resources */ = {
			isa = PBXResourcesBuildPhase;
			buildActionMask = 2147483647;
			files = (
				849DFE752427D37A0008ED65 /* LaunchScreen.storyboard in Resources */,
				30EF94F8242C47A2007D61C7 /* HealthQuizViewController.xib in Resources */,
				849DFE722427D37A0008ED65 /* Assets.xcassets in Resources */,
				84FA01012427ED5E00318104 /* HomeViewController.xib in Resources */,
				84FA00FC2427ED1900318104 /* OnboardingViewController.xib in Resources */,
				8486BDDA242BBCE700A63DD5 /* DebugViewController.xib in Resources */,
			);
			runOnlyForDeploymentPostprocessing = 0;
		};
		849DFE792427D37A0008ED65 /* Resources */ = {
			isa = PBXResourcesBuildPhase;
			buildActionMask = 2147483647;
			files = (
			);
			runOnlyForDeploymentPostprocessing = 0;
		};
		849DFE842427D37A0008ED65 /* Resources */ = {
			isa = PBXResourcesBuildPhase;
			buildActionMask = 2147483647;
			files = (
			);
			runOnlyForDeploymentPostprocessing = 0;
		};
/* End PBXResourcesBuildPhase section */

/* Begin PBXShellScriptBuildPhase section */
		2CD762F3D7053295F64E83ED /* [CP] Copy Pods Resources */ = {
			isa = PBXShellScriptBuildPhase;
			buildActionMask = 2147483647;
			files = (
			);
			inputFileListPaths = (
				"${PODS_ROOT}/Target Support Files/Pods-CoEpi-CoEpiUITests/Pods-CoEpi-CoEpiUITests-resources-${CONFIGURATION}-input-files.xcfilelist",
			);
			name = "[CP] Copy Pods Resources";
			outputFileListPaths = (
				"${PODS_ROOT}/Target Support Files/Pods-CoEpi-CoEpiUITests/Pods-CoEpi-CoEpiUITests-resources-${CONFIGURATION}-output-files.xcfilelist",
			);
			runOnlyForDeploymentPostprocessing = 0;
			shellPath = /bin/sh;
			shellScript = "\"${PODS_ROOT}/Target Support Files/Pods-CoEpi-CoEpiUITests/Pods-CoEpi-CoEpiUITests-resources.sh\"\n";
			showEnvVarsInLog = 0;
		};
		2E097DA9BAE3754C404F0526 /* [CP] Copy Pods Resources */ = {
			isa = PBXShellScriptBuildPhase;
			buildActionMask = 2147483647;
			files = (
			);
			inputFileListPaths = (
				"${PODS_ROOT}/Target Support Files/Pods-CoEpi/Pods-CoEpi-resources-${CONFIGURATION}-input-files.xcfilelist",
			);
			name = "[CP] Copy Pods Resources";
			outputFileListPaths = (
				"${PODS_ROOT}/Target Support Files/Pods-CoEpi/Pods-CoEpi-resources-${CONFIGURATION}-output-files.xcfilelist",
			);
			runOnlyForDeploymentPostprocessing = 0;
			shellPath = /bin/sh;
			shellScript = "\"${PODS_ROOT}/Target Support Files/Pods-CoEpi/Pods-CoEpi-resources.sh\"\n";
			showEnvVarsInLog = 0;
		};
		787970C7C1EB5ED7195FBD12 /* [CP] Check Pods Manifest.lock */ = {
			isa = PBXShellScriptBuildPhase;
			buildActionMask = 2147483647;
			files = (
			);
			inputFileListPaths = (
			);
			inputPaths = (
				"${PODS_PODFILE_DIR_PATH}/Podfile.lock",
				"${PODS_ROOT}/Manifest.lock",
			);
			name = "[CP] Check Pods Manifest.lock";
			outputFileListPaths = (
			);
			outputPaths = (
				"$(DERIVED_FILE_DIR)/Pods-CoEpi-checkManifestLockResult.txt",
			);
			runOnlyForDeploymentPostprocessing = 0;
			shellPath = /bin/sh;
			shellScript = "diff \"${PODS_PODFILE_DIR_PATH}/Podfile.lock\" \"${PODS_ROOT}/Manifest.lock\" > /dev/null\nif [ $? != 0 ] ; then\n    # print error to STDERR\n    echo \"error: The sandbox is not in sync with the Podfile.lock. Run 'pod install' or update your CocoaPods installation.\" >&2\n    exit 1\nfi\n# This output is used by Xcode 'outputs' to avoid re-running this script phase.\necho \"SUCCESS\" > \"${SCRIPT_OUTPUT_FILE_0}\"\n";
			showEnvVarsInLog = 0;
		};
		8EF30B462636111ACD7E5852 /* [CP] Check Pods Manifest.lock */ = {
			isa = PBXShellScriptBuildPhase;
			buildActionMask = 2147483647;
			files = (
			);
			inputFileListPaths = (
			);
			inputPaths = (
				"${PODS_PODFILE_DIR_PATH}/Podfile.lock",
				"${PODS_ROOT}/Manifest.lock",
			);
			name = "[CP] Check Pods Manifest.lock";
			outputFileListPaths = (
			);
			outputPaths = (
				"$(DERIVED_FILE_DIR)/Pods-CoEpiTests-checkManifestLockResult.txt",
			);
			runOnlyForDeploymentPostprocessing = 0;
			shellPath = /bin/sh;
			shellScript = "diff \"${PODS_PODFILE_DIR_PATH}/Podfile.lock\" \"${PODS_ROOT}/Manifest.lock\" > /dev/null\nif [ $? != 0 ] ; then\n    # print error to STDERR\n    echo \"error: The sandbox is not in sync with the Podfile.lock. Run 'pod install' or update your CocoaPods installation.\" >&2\n    exit 1\nfi\n# This output is used by Xcode 'outputs' to avoid re-running this script phase.\necho \"SUCCESS\" > \"${SCRIPT_OUTPUT_FILE_0}\"\n";
			showEnvVarsInLog = 0;
		};
		F38FA4B3E8D1752BEADB4CC7 /* [CP] Check Pods Manifest.lock */ = {
			isa = PBXShellScriptBuildPhase;
			buildActionMask = 2147483647;
			files = (
			);
			inputFileListPaths = (
			);
			inputPaths = (
				"${PODS_PODFILE_DIR_PATH}/Podfile.lock",
				"${PODS_ROOT}/Manifest.lock",
			);
			name = "[CP] Check Pods Manifest.lock";
			outputFileListPaths = (
			);
			outputPaths = (
				"$(DERIVED_FILE_DIR)/Pods-CoEpi-CoEpiUITests-checkManifestLockResult.txt",
			);
			runOnlyForDeploymentPostprocessing = 0;
			shellPath = /bin/sh;
			shellScript = "diff \"${PODS_PODFILE_DIR_PATH}/Podfile.lock\" \"${PODS_ROOT}/Manifest.lock\" > /dev/null\nif [ $? != 0 ] ; then\n    # print error to STDERR\n    echo \"error: The sandbox is not in sync with the Podfile.lock. Run 'pod install' or update your CocoaPods installation.\" >&2\n    exit 1\nfi\n# This output is used by Xcode 'outputs' to avoid re-running this script phase.\necho \"SUCCESS\" > \"${SCRIPT_OUTPUT_FILE_0}\"\n";
			showEnvVarsInLog = 0;
		};
/* End PBXShellScriptBuildPhase section */

/* Begin PBXSourcesBuildPhase section */
		849DFE5E2427D3750008ED65 /* Sources */ = {
			isa = PBXSourcesBuildPhase;
			buildActionMask = 2147483647;
			files = (
				84A4B9AD242CA51D00516F3B /* RealmContact.swift in Sources */,
				84A4B9B6242CA6EE00516F3B /* Contact.swift in Sources */,
				8486BDE0242BC8B600A63DD5 /* HomeViewModel.swift in Sources */,
				84FA00FB2427ED1900318104 /* OnboardingViewController.swift in Sources */,
				84A4B9AF242CA5E600516F3B /* RealmProvider.swift in Sources */,
				84A4B9BC242CE42C00516F3B /* Symptom.swift in Sources */,
				84BF97202427FAF1001ADD6B /* OnboardingWireframe.swift in Sources */,
				8486BDE4242BF9F500A63DD5 /* UITableView+ReuseIdentifier.swift in Sources */,
				84BF972C24281082001ADD6B /* LogSettings.swift in Sources */,
				84A4B9A4242CA24100516F3B /* ContactRepo.swift in Sources */,
				84A4B9BA242CE3AF00516F3B /* SymptomRepo.swift in Sources */,
				849DFE662427D3750008ED65 /* AppDelegate.swift in Sources */,
				84BF97222427FCFE001ADD6B /* OnboardingViewModel.swift in Sources */,
				84BF972F24281082001ADD6B /* Central.swift in Sources */,
				84BF972D24281082001ADD6B /* Peripheral.swift in Sources */,
				84BF972E24281082001ADD6B /* uuids.swift in Sources */,
				84BF973024281082001ADD6B /* DataRepresentable.swift in Sources */,
				30EF94F7242C47A2007D61C7 /* HealthQuizViewController.swift in Sources */,
				84BF972424280ABA001ADD6B /* RootWireframe.swift in Sources */,
				84BF973124281082001ADD6B /* Types+DataRepresentable.swift in Sources */,
				8486BDD6242BA28C00A63DD5 /* DebugViewModel.swift in Sources */,
				84A4B9B8242CC97600516F3B /* RealmRepo.swift in Sources */,
				84A4B9B2242CA67E00516F3B /* RealmContactRepo.swift in Sources */,
				849DFE702427D3750008ED65 /* CoEpi.xcdatamodeld in Sources */,
				8486BDD9242BBCE700A63DD5 /* DebugViewController.swift in Sources */,
				8486BDE6242BFAE700A63DD5 /* UITableCell+ReuseIdentifier.swift in Sources */,
				84FA00F22427E13000318104 /* Dependencies.swift in Sources */,
				84FA01002427ED5E00318104 /* HomeViewController.swift in Sources */,
			);
			runOnlyForDeploymentPostprocessing = 0;
		};
		849DFE772427D37A0008ED65 /* Sources */ = {
			isa = PBXSourcesBuildPhase;
			buildActionMask = 2147483647;
			files = (
				849DFE802427D37A0008ED65 /* CoEpiTests.swift in Sources */,
			);
			runOnlyForDeploymentPostprocessing = 0;
		};
		849DFE822427D37A0008ED65 /* Sources */ = {
			isa = PBXSourcesBuildPhase;
			buildActionMask = 2147483647;
			files = (
				849DFE8B2427D37A0008ED65 /* CoEpiUITests.swift in Sources */,
			);
			runOnlyForDeploymentPostprocessing = 0;
		};
/* End PBXSourcesBuildPhase section */

/* Begin PBXTargetDependency section */
		849DFE7D2427D37A0008ED65 /* PBXTargetDependency */ = {
			isa = PBXTargetDependency;
			target = 849DFE612427D3750008ED65 /* CoEpi */;
			targetProxy = 849DFE7C2427D37A0008ED65 /* PBXContainerItemProxy */;
		};
		849DFE882427D37A0008ED65 /* PBXTargetDependency */ = {
			isa = PBXTargetDependency;
			target = 849DFE612427D3750008ED65 /* CoEpi */;
			targetProxy = 849DFE872427D37A0008ED65 /* PBXContainerItemProxy */;
		};
/* End PBXTargetDependency section */

/* Begin PBXVariantGroup section */
		849DFE732427D37A0008ED65 /* LaunchScreen.storyboard */ = {
			isa = PBXVariantGroup;
			children = (
				849DFE742427D37A0008ED65 /* Base */,
			);
			name = LaunchScreen.storyboard;
			sourceTree = "<group>";
		};
/* End PBXVariantGroup section */

/* Begin XCBuildConfiguration section */
		849DFE8D2427D37A0008ED65 /* Debug */ = {
			isa = XCBuildConfiguration;
			buildSettings = {
				ALWAYS_SEARCH_USER_PATHS = NO;
				CLANG_ANALYZER_NONNULL = YES;
				CLANG_ANALYZER_NUMBER_OBJECT_CONVERSION = YES_AGGRESSIVE;
				CLANG_CXX_LANGUAGE_STANDARD = "gnu++14";
				CLANG_CXX_LIBRARY = "libc++";
				CLANG_ENABLE_MODULES = YES;
				CLANG_ENABLE_OBJC_ARC = YES;
				CLANG_ENABLE_OBJC_WEAK = YES;
				CLANG_WARN_BLOCK_CAPTURE_AUTORELEASING = YES;
				CLANG_WARN_BOOL_CONVERSION = YES;
				CLANG_WARN_COMMA = YES;
				CLANG_WARN_CONSTANT_CONVERSION = YES;
				CLANG_WARN_DEPRECATED_OBJC_IMPLEMENTATIONS = YES;
				CLANG_WARN_DIRECT_OBJC_ISA_USAGE = YES_ERROR;
				CLANG_WARN_DOCUMENTATION_COMMENTS = YES;
				CLANG_WARN_EMPTY_BODY = YES;
				CLANG_WARN_ENUM_CONVERSION = YES;
				CLANG_WARN_INFINITE_RECURSION = YES;
				CLANG_WARN_INT_CONVERSION = YES;
				CLANG_WARN_NON_LITERAL_NULL_CONVERSION = YES;
				CLANG_WARN_OBJC_IMPLICIT_RETAIN_SELF = YES;
				CLANG_WARN_OBJC_LITERAL_CONVERSION = YES;
				CLANG_WARN_OBJC_ROOT_CLASS = YES_ERROR;
				CLANG_WARN_RANGE_LOOP_ANALYSIS = YES;
				CLANG_WARN_STRICT_PROTOTYPES = YES;
				CLANG_WARN_SUSPICIOUS_MOVE = YES;
				CLANG_WARN_UNGUARDED_AVAILABILITY = YES_AGGRESSIVE;
				CLANG_WARN_UNREACHABLE_CODE = YES;
				CLANG_WARN__DUPLICATE_METHOD_MATCH = YES;
				COPY_PHASE_STRIP = NO;
				DEBUG_INFORMATION_FORMAT = dwarf;
				ENABLE_STRICT_OBJC_MSGSEND = YES;
				ENABLE_TESTABILITY = YES;
				GCC_C_LANGUAGE_STANDARD = gnu11;
				GCC_DYNAMIC_NO_PIC = NO;
				GCC_NO_COMMON_BLOCKS = YES;
				GCC_OPTIMIZATION_LEVEL = 0;
				GCC_PREPROCESSOR_DEFINITIONS = (
					"DEBUG=1",
					"$(inherited)",
				);
				GCC_WARN_64_TO_32_BIT_CONVERSION = YES;
				GCC_WARN_ABOUT_RETURN_TYPE = YES_ERROR;
				GCC_WARN_UNDECLARED_SELECTOR = YES;
				GCC_WARN_UNINITIALIZED_AUTOS = YES_AGGRESSIVE;
				GCC_WARN_UNUSED_FUNCTION = YES;
				GCC_WARN_UNUSED_VARIABLE = YES;
				IPHONEOS_DEPLOYMENT_TARGET = 13.2;
				MTL_ENABLE_DEBUG_INFO = INCLUDE_SOURCE;
				MTL_FAST_MATH = YES;
				ONLY_ACTIVE_ARCH = YES;
				SDKROOT = iphoneos;
				SWIFT_ACTIVE_COMPILATION_CONDITIONS = DEBUG;
				SWIFT_OPTIMIZATION_LEVEL = "-Onone";
			};
			name = Debug;
		};
		849DFE8E2427D37A0008ED65 /* Release */ = {
			isa = XCBuildConfiguration;
			buildSettings = {
				ALWAYS_SEARCH_USER_PATHS = NO;
				CLANG_ANALYZER_NONNULL = YES;
				CLANG_ANALYZER_NUMBER_OBJECT_CONVERSION = YES_AGGRESSIVE;
				CLANG_CXX_LANGUAGE_STANDARD = "gnu++14";
				CLANG_CXX_LIBRARY = "libc++";
				CLANG_ENABLE_MODULES = YES;
				CLANG_ENABLE_OBJC_ARC = YES;
				CLANG_ENABLE_OBJC_WEAK = YES;
				CLANG_WARN_BLOCK_CAPTURE_AUTORELEASING = YES;
				CLANG_WARN_BOOL_CONVERSION = YES;
				CLANG_WARN_COMMA = YES;
				CLANG_WARN_CONSTANT_CONVERSION = YES;
				CLANG_WARN_DEPRECATED_OBJC_IMPLEMENTATIONS = YES;
				CLANG_WARN_DIRECT_OBJC_ISA_USAGE = YES_ERROR;
				CLANG_WARN_DOCUMENTATION_COMMENTS = YES;
				CLANG_WARN_EMPTY_BODY = YES;
				CLANG_WARN_ENUM_CONVERSION = YES;
				CLANG_WARN_INFINITE_RECURSION = YES;
				CLANG_WARN_INT_CONVERSION = YES;
				CLANG_WARN_NON_LITERAL_NULL_CONVERSION = YES;
				CLANG_WARN_OBJC_IMPLICIT_RETAIN_SELF = YES;
				CLANG_WARN_OBJC_LITERAL_CONVERSION = YES;
				CLANG_WARN_OBJC_ROOT_CLASS = YES_ERROR;
				CLANG_WARN_RANGE_LOOP_ANALYSIS = YES;
				CLANG_WARN_STRICT_PROTOTYPES = YES;
				CLANG_WARN_SUSPICIOUS_MOVE = YES;
				CLANG_WARN_UNGUARDED_AVAILABILITY = YES_AGGRESSIVE;
				CLANG_WARN_UNREACHABLE_CODE = YES;
				CLANG_WARN__DUPLICATE_METHOD_MATCH = YES;
				COPY_PHASE_STRIP = NO;
				DEBUG_INFORMATION_FORMAT = "dwarf-with-dsym";
				ENABLE_NS_ASSERTIONS = NO;
				ENABLE_STRICT_OBJC_MSGSEND = YES;
				GCC_C_LANGUAGE_STANDARD = gnu11;
				GCC_NO_COMMON_BLOCKS = YES;
				GCC_WARN_64_TO_32_BIT_CONVERSION = YES;
				GCC_WARN_ABOUT_RETURN_TYPE = YES_ERROR;
				GCC_WARN_UNDECLARED_SELECTOR = YES;
				GCC_WARN_UNINITIALIZED_AUTOS = YES_AGGRESSIVE;
				GCC_WARN_UNUSED_FUNCTION = YES;
				GCC_WARN_UNUSED_VARIABLE = YES;
				IPHONEOS_DEPLOYMENT_TARGET = 13.2;
				MTL_ENABLE_DEBUG_INFO = NO;
				MTL_FAST_MATH = YES;
				SDKROOT = iphoneos;
				SWIFT_COMPILATION_MODE = wholemodule;
				SWIFT_OPTIMIZATION_LEVEL = "-O";
				VALIDATE_PRODUCT = YES;
			};
			name = Release;
		};
		849DFE902427D37A0008ED65 /* Debug */ = {
			isa = XCBuildConfiguration;
			baseConfigurationReference = 5E087D09295263EB6A4DB967 /* Pods-CoEpi.debug.xcconfig */;
			buildSettings = {
				ASSETCATALOG_COMPILER_APPICON_NAME = AppIcon;
				CODE_SIGN_IDENTITY = "Apple Development";
				CODE_SIGN_STYLE = Automatic;
				DEVELOPMENT_TEAM = VU7B7BR34W;
				INFOPLIST_FILE = CoEpi/Info.plist;
				IPHONEOS_DEPLOYMENT_TARGET = 13.0;
				LD_RUNPATH_SEARCH_PATHS = (
					"$(inherited)",
					"@executable_path/Frameworks",
				);
				PRODUCT_BUNDLE_IDENTIFIER = org.coepi.ios;
				PRODUCT_NAME = "$(TARGET_NAME)";
				PROVISIONING_PROFILE_SPECIFIER = "";
				SWIFT_VERSION = 5.0;
				TARGETED_DEVICE_FAMILY = "1,2";
			};
			name = Debug;
		};
		849DFE912427D37A0008ED65 /* Release */ = {
			isa = XCBuildConfiguration;
			baseConfigurationReference = 74BF972AC9A1ED47A016DA3D /* Pods-CoEpi.release.xcconfig */;
			buildSettings = {
				ASSETCATALOG_COMPILER_APPICON_NAME = AppIcon;
				CODE_SIGN_IDENTITY = "Apple Development";
				CODE_SIGN_STYLE = Automatic;
				DEVELOPMENT_TEAM = VU7B7BR34W;
				INFOPLIST_FILE = CoEpi/Info.plist;
				IPHONEOS_DEPLOYMENT_TARGET = 13.0;
				LD_RUNPATH_SEARCH_PATHS = (
					"$(inherited)",
					"@executable_path/Frameworks",
				);
				PRODUCT_BUNDLE_IDENTIFIER = org.coepi.ios;
				PRODUCT_NAME = "$(TARGET_NAME)";
				PROVISIONING_PROFILE_SPECIFIER = "";
				SWIFT_VERSION = 5.0;
				TARGETED_DEVICE_FAMILY = "1,2";
			};
			name = Release;
		};
		849DFE932427D37A0008ED65 /* Debug */ = {
			isa = XCBuildConfiguration;
			baseConfigurationReference = 910DD69A29B6DF9226FCFECA /* Pods-CoEpiTests.debug.xcconfig */;
			buildSettings = {
				ALWAYS_EMBED_SWIFT_STANDARD_LIBRARIES = YES;
				BUNDLE_LOADER = "$(TEST_HOST)";
				CODE_SIGN_IDENTITY = "Apple Development";
				"CODE_SIGN_IDENTITY[sdk=macosx*]" = "Apple Development";
				CODE_SIGN_STYLE = Automatic;
				DEVELOPMENT_TEAM = VU7B7BR34W;
				INFOPLIST_FILE = CoEpiTests/Info.plist;
				IPHONEOS_DEPLOYMENT_TARGET = 13.2;
				LD_RUNPATH_SEARCH_PATHS = (
					"$(inherited)",
					"@executable_path/Frameworks",
					"@loader_path/Frameworks",
				);
				PRODUCT_BUNDLE_IDENTIFIER = org.coepi.CoEpiTests;
				PRODUCT_NAME = "$(TARGET_NAME)";
				PROVISIONING_PROFILE_SPECIFIER = "";
				"PROVISIONING_PROFILE_SPECIFIER[sdk=macosx*]" = "";
				SWIFT_VERSION = 5.0;
				TARGETED_DEVICE_FAMILY = "1,2";
				TEST_HOST = "$(BUILT_PRODUCTS_DIR)/CoEpi.app/CoEpi";
			};
			name = Debug;
		};
		849DFE942427D37A0008ED65 /* Release */ = {
			isa = XCBuildConfiguration;
			baseConfigurationReference = 324F4D7DC6C28946706D180E /* Pods-CoEpiTests.release.xcconfig */;
			buildSettings = {
				ALWAYS_EMBED_SWIFT_STANDARD_LIBRARIES = YES;
				BUNDLE_LOADER = "$(TEST_HOST)";
				CODE_SIGN_IDENTITY = "Apple Development";
				"CODE_SIGN_IDENTITY[sdk=macosx*]" = "Apple Development";
				CODE_SIGN_STYLE = Automatic;
				DEVELOPMENT_TEAM = VU7B7BR34W;
				INFOPLIST_FILE = CoEpiTests/Info.plist;
				IPHONEOS_DEPLOYMENT_TARGET = 13.2;
				LD_RUNPATH_SEARCH_PATHS = (
					"$(inherited)",
					"@executable_path/Frameworks",
					"@loader_path/Frameworks",
				);
				PRODUCT_BUNDLE_IDENTIFIER = org.coepi.CoEpiTests;
				PRODUCT_NAME = "$(TARGET_NAME)";
				PROVISIONING_PROFILE_SPECIFIER = "";
				"PROVISIONING_PROFILE_SPECIFIER[sdk=macosx*]" = "";
				SWIFT_VERSION = 5.0;
				TARGETED_DEVICE_FAMILY = "1,2";
				TEST_HOST = "$(BUILT_PRODUCTS_DIR)/CoEpi.app/CoEpi";
			};
			name = Release;
		};
		849DFE962427D37A0008ED65 /* Debug */ = {
			isa = XCBuildConfiguration;
			baseConfigurationReference = 3DB73EEFE0BAFE71BAB85604 /* Pods-CoEpi-CoEpiUITests.debug.xcconfig */;
			buildSettings = {
				ALWAYS_EMBED_SWIFT_STANDARD_LIBRARIES = YES;
				CODE_SIGN_IDENTITY = "Apple Development";
				"CODE_SIGN_IDENTITY[sdk=macosx*]" = "Apple Development";
				CODE_SIGN_STYLE = Automatic;
				DEVELOPMENT_TEAM = VU7B7BR34W;
				INFOPLIST_FILE = CoEpiUITests/Info.plist;
				LD_RUNPATH_SEARCH_PATHS = (
					"$(inherited)",
					"@executable_path/Frameworks",
					"@loader_path/Frameworks",
				);
				PRODUCT_BUNDLE_IDENTIFIER = org.coepi.CoEpiUITests;
				PRODUCT_NAME = "$(TARGET_NAME)";
				PROVISIONING_PROFILE_SPECIFIER = "";
				"PROVISIONING_PROFILE_SPECIFIER[sdk=macosx*]" = "";
				SWIFT_VERSION = 5.0;
				TARGETED_DEVICE_FAMILY = "1,2";
				TEST_TARGET_NAME = CoEpi;
			};
			name = Debug;
		};
		849DFE972427D37A0008ED65 /* Release */ = {
			isa = XCBuildConfiguration;
			baseConfigurationReference = C12F75FF3B79C829E72E1CF6 /* Pods-CoEpi-CoEpiUITests.release.xcconfig */;
			buildSettings = {
				ALWAYS_EMBED_SWIFT_STANDARD_LIBRARIES = YES;
				CODE_SIGN_IDENTITY = "Apple Development";
				"CODE_SIGN_IDENTITY[sdk=macosx*]" = "Apple Development";
				CODE_SIGN_STYLE = Automatic;
				DEVELOPMENT_TEAM = VU7B7BR34W;
				INFOPLIST_FILE = CoEpiUITests/Info.plist;
				LD_RUNPATH_SEARCH_PATHS = (
					"$(inherited)",
					"@executable_path/Frameworks",
					"@loader_path/Frameworks",
				);
				PRODUCT_BUNDLE_IDENTIFIER = org.coepi.CoEpiUITests;
				PRODUCT_NAME = "$(TARGET_NAME)";
				PROVISIONING_PROFILE_SPECIFIER = "";
				"PROVISIONING_PROFILE_SPECIFIER[sdk=macosx*]" = "";
				SWIFT_VERSION = 5.0;
				TARGETED_DEVICE_FAMILY = "1,2";
				TEST_TARGET_NAME = CoEpi;
			};
			name = Release;
		};
/* End XCBuildConfiguration section */

/* Begin XCConfigurationList section */
		849DFE5D2427D3750008ED65 /* Build configuration list for PBXProject "CoEpi" */ = {
			isa = XCConfigurationList;
			buildConfigurations = (
				849DFE8D2427D37A0008ED65 /* Debug */,
				849DFE8E2427D37A0008ED65 /* Release */,
			);
			defaultConfigurationIsVisible = 0;
			defaultConfigurationName = Release;
		};
		849DFE8F2427D37A0008ED65 /* Build configuration list for PBXNativeTarget "CoEpi" */ = {
			isa = XCConfigurationList;
			buildConfigurations = (
				849DFE902427D37A0008ED65 /* Debug */,
				849DFE912427D37A0008ED65 /* Release */,
			);
			defaultConfigurationIsVisible = 0;
			defaultConfigurationName = Release;
		};
		849DFE922427D37A0008ED65 /* Build configuration list for PBXNativeTarget "CoEpiTests" */ = {
			isa = XCConfigurationList;
			buildConfigurations = (
				849DFE932427D37A0008ED65 /* Debug */,
				849DFE942427D37A0008ED65 /* Release */,
			);
			defaultConfigurationIsVisible = 0;
			defaultConfigurationName = Release;
		};
		849DFE952427D37A0008ED65 /* Build configuration list for PBXNativeTarget "CoEpiUITests" */ = {
			isa = XCConfigurationList;
			buildConfigurations = (
				849DFE962427D37A0008ED65 /* Debug */,
				849DFE972427D37A0008ED65 /* Release */,
			);
			defaultConfigurationIsVisible = 0;
			defaultConfigurationName = Release;
		};
/* End XCConfigurationList section */

/* Begin XCRemoteSwiftPackageReference section */
		8486BDC5242B9AC900A63DD5 /* XCRemoteSwiftPackageReference "RxSwift" */ = {
			isa = XCRemoteSwiftPackageReference;
			repositoryURL = "https://github.com/ReactiveX/RxSwift";
			requirement = {
				kind = upToNextMajorVersion;
				minimumVersion = 5.1.1;
			};
		};
		84A4B9A5242CA4D500516F3B /* XCRemoteSwiftPackageReference "realm-cocoa" */ = {
			isa = XCRemoteSwiftPackageReference;
			repositoryURL = "https://github.com/realm/realm-cocoa";
			requirement = {
				kind = upToNextMajorVersion;
				minimumVersion = 4.3.2;
			};
		};
		84FA00F32427E83000318104 /* XCRemoteSwiftPackageReference "Dip" */ = {
			isa = XCRemoteSwiftPackageReference;
			repositoryURL = "https://github.com/AliSoftware/Dip";
			requirement = {
				kind = upToNextMajorVersion;
				minimumVersion = 7.1.1;
			};
		};
/* End XCRemoteSwiftPackageReference section */

/* Begin XCSwiftPackageProductDependency section */
		8486BDC6242B9AC900A63DD5 /* RxSwift */ = {
			isa = XCSwiftPackageProductDependency;
			package = 8486BDC5242B9AC900A63DD5 /* XCRemoteSwiftPackageReference "RxSwift" */;
			productName = RxSwift;
		};
		8486BDCA242B9AC900A63DD5 /* RxRelay */ = {
			isa = XCSwiftPackageProductDependency;
			package = 8486BDC5242B9AC900A63DD5 /* XCRemoteSwiftPackageReference "RxSwift" */;
			productName = RxRelay;
		};
		8486BDCC242B9AC900A63DD5 /* RxCocoa */ = {
			isa = XCSwiftPackageProductDependency;
			package = 8486BDC5242B9AC900A63DD5 /* XCRemoteSwiftPackageReference "RxSwift" */;
			productName = RxCocoa;
		};
		8486BDCE242B9AC900A63DD5 /* RxBlocking */ = {
			isa = XCSwiftPackageProductDependency;
			package = 8486BDC5242B9AC900A63DD5 /* XCRemoteSwiftPackageReference "RxSwift" */;
			productName = RxBlocking;
		};
		84A4B9A6242CA4D500516F3B /* Realm */ = {
			isa = XCSwiftPackageProductDependency;
			package = 84A4B9A5242CA4D500516F3B /* XCRemoteSwiftPackageReference "realm-cocoa" */;
			productName = Realm;
		};
		84A4B9A8242CA4D500516F3B /* RealmSwift */ = {
			isa = XCSwiftPackageProductDependency;
			package = 84A4B9A5242CA4D500516F3B /* XCRemoteSwiftPackageReference "realm-cocoa" */;
			productName = RealmSwift;
		};
		84FA00F42427E83000318104 /* Dip */ = {
			isa = XCSwiftPackageProductDependency;
			package = 84FA00F32427E83000318104 /* XCRemoteSwiftPackageReference "Dip" */;
			productName = Dip;
		};
/* End XCSwiftPackageProductDependency section */

/* Begin XCVersionGroup section */
		849DFE6E2427D3750008ED65 /* CoEpi.xcdatamodeld */ = {
			isa = XCVersionGroup;
			children = (
				849DFE6F2427D3750008ED65 /* CoEpi.xcdatamodel */,
			);
			currentVersion = 849DFE6F2427D3750008ED65 /* CoEpi.xcdatamodel */;
			path = CoEpi.xcdatamodeld;
			sourceTree = "<group>";
			versionGroupType = wrapper.xcdatamodel;
		};
/* End XCVersionGroup section */
	};
	rootObject = 849DFE5A2427D3750008ED65 /* Project object */;
}
