{
  "object": {
    "pins": [
      {
        "package": "Alamofire",
        "repositoryURL": "https://github.com/Alamofire/Alamofire",
        "state": {
          "branch": null,
          "revision": "59037bfd28aa963a7916f1eb22a74107a3522f16",
          "version": "5.0.5"
        }
      },
      {
        "package": "BerkananCompression",
        "repositoryURL": "https://github.com/zssz/BerkananCompression",
        "state": {
          "branch": null,
          "revision": "8c1b9ac74a6f54fd87a2c365ec52b5afc6e0c14b",
          "version": "1.0.3"
        }
      },
      {
        "package": "BerkananFoundation",
        "repositoryURL": "https://github.com/zssz/BerkananFoundation",
        "state": {
          "branch": null,
          "revision": "fdc3d368825be15810195113b4275970bdda6b3a",
          "version": "1.0.0"
        }
      },
      {
        "package": "BerkananSDK",
        "repositoryURL": "https://github.com/zssz/BerkananSDK",
        "state": {
          "branch": null,
          "revision": "3ea4e8ca0eb038c789c4be7ead0de0bd7954dec6",
          "version": "2.2.8"
        }
      },
      {
        "package": "CryptoSwift",
        "repositoryURL": "https://github.com/krzyzanowskim/CryptoSwift",
        "state": {
          "branch": null,
          "revision": "a44caef0550c346e0ab9172f7c9a3852c1833599",
          "version": "1.3.0"
        }
      },
      {
        "package": "Dip",
        "repositoryURL": "https://github.com/AliSoftware/Dip",
        "state": {
          "branch": null,
          "revision": "c3b601df0ff22b06b6d5ff4943faf05c0bd3f9bb",
          "version": "7.1.1"
        }
      },
      {
        "package": "QuickLayout",
        "repositoryURL": "https://github.com/huri000/QuickLayout",
        "state": {
          "branch": null,
          "revision": "6be62decbe508d8fc8f9dbafc349d05bab03c38b",
          "version": "3.0.1"
        }
      },
      {
        "package": "Realm",
        "repositoryURL": "https://github.com/realm/realm-cocoa",
        "state": {
          "branch": null,
          "revision": "07734d6ee4b49b5656c51dab51c20a2d59b9de45",
          "version": "4.4.0"
        }
      },
      {
        "package": "RealmCore",
        "repositoryURL": "https://github.com/realm/realm-core",
        "state": {
          "branch": null,
          "revision": "35662ff940e340bf630ad1d1d88acfc7af18bee6",
          "version": "5.23.8"
        }
      },
      {
        "package": "RxSwift",
        "repositoryURL": "https://github.com/ReactiveX/RxSwift",
        "state": {
          "branch": null,
          "revision": "712ff5348ece316f5422f8cd371cb4fef4f0f962",
          "version": "5.1.1"
        }
      },
      {
        "package": "RxSwiftExt",
        "repositoryURL": "https://github.com/RxSwiftCommunity/RxSwiftExt",
        "state": {
          "branch": null,
          "revision": "9620cd55a58c1cf3370375140c45379c40049f55",
          "version": "5.2.0"
        }
      },
      {
        "package": "SwiftProtobuf",
        "repositoryURL": "https://github.com/apple/swift-protobuf.git",
        "state": {
          "branch": null,
          "revision": "7790acf0a81d08429cb20375bf42a8c7d279c5fe",
          "version": "1.8.0"
        }
      },
      {
        "package": "SwiftEntryKit",
        "repositoryURL": "https://github.com/huri000/SwiftEntryKit",
        "state": {
          "branch": null,
          "revision": "796981500de29ee72f72ef8e9c46eaed2fe6364e",
          "version": "1.2.3"
        }
      },
      {
        "package": "TCNClient",
        "repositoryURL": "https://github.com/TCNCoalition/tcn-client-ios",
        "state": {
          "branch": null,
          "revision": "c86b034472f0b3217617bb7927f97093bb6be464",
          "version": "0.4.1"
        }
      }
    ]
  },
  "version": 1
}
